<?xml version="1.0" encoding="utf-8"?>
<Project ToolsVersion="4.0" xmlns="http://schemas.microsoft.com/developer/msbuild/2003">
  <ItemGroup>
    <Filter Include="Source Files">
      <UniqueIdentifier>{4FC737F1-C7A5-4376-A066-2A32D752A2FF}</UniqueIdentifier>
      <Extensions>cpp;c;cc;cxx;def;odl;idl;hpj;bat;asm;asmx</Extensions>
    </Filter>
    <Filter Include="Source Files\graphics">
      <UniqueIdentifier>{5882f106-8be3-4d8d-addb-ff503408d893}</UniqueIdentifier>
    </Filter>
    <Filter Include="Source Files\scale">
      <UniqueIdentifier>{20ffdf4f-9032-40c1-9c64-c195de809da9}</UniqueIdentifier>
    </Filter>
    <Filter Include="Source Files\vic-ii">
      <UniqueIdentifier>{1f47c083-9280-4395-9492-d47acd5b3d8a}</UniqueIdentifier>
    </Filter>
    <Filter Include="Source Files\castle">
      <UniqueIdentifier>{2b348398-f0ac-40e7-b170-657321347ee6}</UniqueIdentifier>
    </Filter>
    <Filter Include="Source Files\castle\objects">
      <UniqueIdentifier>{e4aa3df0-f741-4608-9b32-77a0f9615a33}</UniqueIdentifier>
    </Filter>
    <Filter Include="Source Files\sid">
      <UniqueIdentifier>{78e74ed3-eaad-4d96-a602-b456b5af6dd2}</UniqueIdentifier>
    </Filter>
    <Filter Include="Source Files\sound">
      <UniqueIdentifier>{f9d62e17-8cf8-458c-9ad1-4109d1c81d46}</UniqueIdentifier>
    </Filter>
    <Filter Include="Resource Files">
      <UniqueIdentifier>{67DA6AB6-F800-4c08-8B7A-83BB121AAD01}</UniqueIdentifier>
      <Extensions>rc;ico;cur;bmp;dlg;rc2;rct;bin;rgs;gif;jpg;jpeg;jpe;resx;tiff;tif;png;wav</Extensions>
    </Filter>
  </ItemGroup>
  <ItemGroup>
    <ClCompile Include="..\..\src\builder.cpp">
      <Filter>Source Files</Filter>
    </ClCompile>
    <ClCompile Include="..\..\src\castleManager.cpp">
      <Filter>Source Files</Filter>
    </ClCompile>
    <ClCompile Include="..\..\src\creep.cpp">
      <Filter>Source Files</Filter>
    </ClCompile>
    <ClCompile Include="..\..\src\d64.cpp">
      <Filter>Source Files</Filter>
    </ClCompile>
    <ClCompile Include="..\..\src\debug.cpp">
      <Filter>Source Files</Filter>
    </ClCompile>
    <ClCompile Include="..\..\src\playerInput.cpp">
      <Filter>Source Files</Filter>
    </ClCompile>
    <ClCompile Include="..\..\src\stdafx.cpp">
      <Filter>Source Files</Filter>
    </ClCompile>
    <ClCompile Include="..\..\src\graphics\screenSurface.cpp">
      <Filter>Source Files\graphics</Filter>
    </ClCompile>
    <ClCompile Include="..\..\src\graphics\window.cpp">
      <Filter>Source Files\graphics</Filter>
    </ClCompile>
    <ClCompile Include="..\..\src\graphics\scale\scale2x.cpp">
      <Filter>Source Files\scale</Filter>
    </ClCompile>
    <ClCompile Include="..\..\src\graphics\scale\scale3x.cpp">
      <Filter>Source Files\scale</Filter>
    </ClCompile>
    <ClCompile Include="..\..\src\graphics\scale\scalebit.cpp">
      <Filter>Source Files\scale</Filter>
    </ClCompile>
    <ClCompile Include="..\..\src\vic-ii\bitmapMulticolor.cpp">
      <Filter>Source Files\vic-ii</Filter>
    </ClCompile>
    <ClCompile Include="..\..\src\vic-ii\screen.cpp">
      <Filter>Source Files\vic-ii</Filter>
    </ClCompile>
    <ClCompile Include="..\..\src\vic-ii\sprite.cpp">
      <Filter>Source Files\vic-ii</Filter>
    </ClCompile>
    <ClCompile Include="..\..\src\castle\castle.cpp">
      <Filter>Source Files\castle</Filter>
    </ClCompile>
    <ClCompile Include="..\..\src\castle\room.cpp">
      <Filter>Source Files\castle</Filter>
    </ClCompile>
    <ClCompile Include="..\..\src\castle\objects\objectText.cpp">
      <Filter>Source Files\castle\objects</Filter>
    </ClCompile>
    <ClCompile Include="..\..\src\resid-0.16\envelope.cpp">
      <Filter>Source Files\sid</Filter>
    </ClCompile>
    <ClCompile Include="..\..\src\resid-0.16\extfilt.cpp">
      <Filter>Source Files\sid</Filter>
    </ClCompile>
    <ClCompile Include="..\..\src\resid-0.16\filter.cpp">
      <Filter>Source Files\sid</Filter>
    </ClCompile>
    <ClCompile Include="..\..\src\resid-0.16\pot.cpp">
      <Filter>Source Files\sid</Filter>
    </ClCompile>
    <ClCompile Include="..\..\src\resid-0.16\sid.cpp">
      <Filter>Source Files\sid</Filter>
    </ClCompile>
    <ClCompile Include="..\..\src\resid-0.16\version.cpp">
      <Filter>Source Files\sid</Filter>
    </ClCompile>
    <ClCompile Include="..\..\src\resid-0.16\voice.cpp">
      <Filter>Source Files\sid</Filter>
    </ClCompile>
    <ClCompile Include="..\..\src\resid-0.16\wave.cpp">
      <Filter>Source Files\sid</Filter>
    </ClCompile>
    <ClCompile Include="..\..\src\resid-0.16\wave6581__ST.cpp">
      <Filter>Source Files\sid</Filter>
    </ClCompile>
    <ClCompile Include="..\..\src\resid-0.16\wave6581_P_T.cpp">
      <Filter>Source Files\sid</Filter>
    </ClCompile>
    <ClCompile Include="..\..\src\resid-0.16\wave6581_PS_.cpp">
      <Filter>Source Files\sid</Filter>
    </ClCompile>
    <ClCompile Include="..\..\src\resid-0.16\wave6581_PST.cpp">
      <Filter>Source Files\sid</Filter>
    </ClCompile>
    <ClCompile Include="..\..\src\resid-0.16\wave8580__ST.cpp">
      <Filter>Source Files\sid</Filter>
    </ClCompile>
    <ClCompile Include="..\..\src\resid-0.16\wave8580_P_T.cpp">
      <Filter>Source Files\sid</Filter>
    </ClCompile>
    <ClCompile Include="..\..\src\resid-0.16\wave8580_PS_.cpp">
      <Filter>Source Files\sid</Filter>
    </ClCompile>
    <ClCompile Include="..\..\src\resid-0.16\wave8580_PST.cpp">
      <Filter>Source Files\sid</Filter>
    </ClCompile>
    <ClCompile Include="..\..\src\sound\sound.cpp">
      <Filter>Source Files\sound</Filter>
    </ClCompile>
    <ClCompile Include="..\..\src\resid-0.16\envelope.h">
      <Filter>Source Files\sid</Filter>
    </ClCompile>
    <ClCompile Include="..\..\src\resid-0.16\extfilt.h">
      <Filter>Source Files\sid</Filter>
    </ClCompile>
    <ClCompile Include="..\..\src\resid-0.16\filter.h">
      <Filter>Source Files\sid</Filter>
    </ClCompile>
    <ClCompile Include="..\..\src\resid-0.16\pot.h">
      <Filter>Source Files\sid</Filter>
    </ClCompile>
    <ClCompile Include="..\..\src\resid-0.16\sid.h">
      <Filter>Source Files\sid</Filter>
    </ClCompile>
    <ClCompile Include="..\..\src\resid-0.16\siddefs.h">
      <Filter>Source Files\sid</Filter>
    </ClCompile>
    <ClCompile Include="..\..\src\resid-0.16\spline.h">
      <Filter>Source Files\sid</Filter>
    </ClCompile>
    <ClCompile Include="..\..\src\resid-0.16\voice.h">
      <Filter>Source Files\sid</Filter>
    </ClCompile>
    <ClCompile Include="..\..\src\resid-0.16\wave.h">
      <Filter>Source Files\sid</Filter>
    </ClCompile>
  </ItemGroup>
  <ItemGroup>
    <ClInclude Include="..\..\src\builder.hpp">
      <Filter>Source Files</Filter>
    </ClInclude>
    <ClInclude Include="..\..\src\castleManager.h">
      <Filter>Source Files</Filter>
    </ClInclude>
    <ClInclude Include="..\..\src\creep.h">
      <Filter>Source Files</Filter>
    </ClInclude>
    <ClInclude Include="..\..\src\d64.h">
      <Filter>Source Files</Filter>
    </ClInclude>
    <ClInclude Include="..\..\src\debug.h">
      <Filter>Source Files</Filter>
    </ClInclude>
    <ClInclude Include="..\..\src\playerInput.h">
      <Filter>Source Files</Filter>
    </ClInclude>
    <ClInclude Include="resource.h">
      <Filter>Source Files</Filter>
    </ClInclude>
    <ClInclude Include="..\..\rev.h">
      <Filter>Source Files</Filter>
    </ClInclude>
    <ClInclude Include="..\..\src\stdafx.h">
      <Filter>Source Files</Filter>
    </ClInclude>
    <ClInclude Include="..\..\src\types.h">
      <Filter>Source Files</Filter>
    </ClInclude>
    <ClInclude Include="..\..\src\graphics\screenSurface.h">
      <Filter>Source Files\graphics</Filter>
    </ClInclude>
    <ClInclude Include="..\..\src\graphics\window.h">
      <Filter>Source Files\graphics</Filter>
    </ClInclude>
    <ClInclude Include="..\..\src\graphics\scale\scale2x.h">
      <Filter>Source Files\scale</Filter>
    </ClInclude>
    <ClInclude Include="..\..\src\graphics\scale\scale3x.h">
      <Filter>Source Files\scale</Filter>
    </ClInclude>
    <ClInclude Include="..\..\src\graphics\scale\scalebit.h">
      <Filter>Source Files\scale</Filter>
    </ClInclude>
    <ClInclude Include="..\..\src\vic-ii\bitmapMulticolor.h">
      <Filter>Source Files\vic-ii</Filter>
    </ClInclude>
    <ClInclude Include="..\..\src\vic-ii\screen.h">
      <Filter>Source Files\vic-ii</Filter>
    </ClInclude>
    <ClInclude Include="..\..\src\vic-ii\sprite.h">
      <Filter>Source Files\vic-ii</Filter>
    </ClInclude>
    <ClInclude Include="..\..\src\castle\castle.h">
      <Filter>Source Files\castle</Filter>
    </ClInclude>
    <ClInclude Include="..\..\src\castle\room.hpp">
      <Filter>Source Files\castle</Filter>
    </ClInclude>
    <ClInclude Include="..\..\src\castle\objects\object.hpp">
      <Filter>Source Files\castle\objects</Filter>
    </ClInclude>
    <ClInclude Include="..\..\src\castle\objects\objectConveyor.hpp">
      <Filter>Source Files\castle\objects</Filter>
    </ClInclude>
    <ClInclude Include="..\..\src\castle\objects\objectDoor.hpp">
      <Filter>Source Files\castle\objects</Filter>
    </ClInclude>
    <ClInclude Include="..\..\src\castle\objects\objectDoorBell.hpp">
      <Filter>Source Files\castle\objects</Filter>
    </ClInclude>
    <ClInclude Include="..\..\src\castle\objects\objectForcefield.hpp">
      <Filter>Source Files\castle\objects</Filter>
    </ClInclude>
    <ClInclude Include="..\..\src\castle\objects\objectFrankenstein.hpp">
      <Filter>Source Files\castle\objects</Filter>
    </ClInclude>
    <ClInclude Include="..\..\src\castle\objects\objectImage.hpp">
      <Filter>Source Files\castle\objects</Filter>
    </ClInclude>
    <ClInclude Include="..\..\src\castle\objects\objectKey.hpp">
      <Filter>Source Files\castle\objects</Filter>
    </ClInclude>
    <ClInclude Include="..\..\src\castle\objects\objectLadder.hpp">
      <Filter>Source Files\castle\objects</Filter>
    </ClInclude>
    <ClInclude Include="..\..\src\castle\objects\objectLightning.hpp">
      <Filter>Source Files\castle\objects</Filter>
    </ClInclude>
    <ClInclude Include="..\..\src\castle\objects\objectLock.hpp">
      <Filter>Source Files\castle\objects</Filter>
    </ClInclude>
    <ClInclude Include="..\..\src\castle\objects\objectMummy.hpp">
      <Filter>Source Files\castle\objects</Filter>
    </ClInclude>
    <ClInclude Include="..\..\src\castle\objects\objectRayGun.hpp">
      <Filter>Source Files\castle\objects</Filter>
    </ClInclude>
    <ClInclude Include="..\..\src\castle\objects\objectSlidingPole.hpp">
      <Filter>Source Files\castle\objects</Filter>
    </ClInclude>
    <ClInclude Include="..\..\src\castle\objects\objectTeleport.hpp">
      <Filter>Source Files\castle\objects</Filter>
    </ClInclude>
    <ClInclude Include="..\..\src\castle\objects\objectText.hpp">
      <Filter>Source Files\castle\objects</Filter>
    </ClInclude>
    <ClInclude Include="..\..\src\castle\objects\objectTrapDoor.hpp">
      <Filter>Source Files\castle\objects</Filter>
    </ClInclude>
    <ClInclude Include="..\..\src\castle\objects\objectWalkway.hpp">
      <Filter>Source Files\castle\objects</Filter>
    </ClInclude>
    <ClInclude Include="..\..\src\sound\sound.h">
      <Filter>Source Files\sound</Filter>
    </ClInclude>
  </ItemGroup>
  <ItemGroup>
    <ResourceCompile Include="creep.rc">
      <Filter>Resource Files</Filter>
    </ResourceCompile>
  </ItemGroup>
  <ItemGroup>
    <None Include="..\..\icon1.ico">
      <Filter>Resource Files</Filter>
    </None>
    <None Include="..\..\License.txt" />
    <None Include="ReadMe.txt" />
    <None Include="ClassDiagram1.cd" />
  </ItemGroup>
</Project>